// !$*UTF8*$!
{
	archiveVersion = 1;
	classes = {
	};
	objectVersion = 46;
	objects = {

/* Begin PBXBuildFile section */
		432AD1851423E3B5003CEBDB /* UIKit.framework in Frameworks */ = {isa = PBXBuildFile; fileRef = 432AD1841423E3B5003CEBDB /* UIKit.framework */; };
		432AD1871423E3B5003CEBDB /* Foundation.framework in Frameworks */ = {isa = PBXBuildFile; fileRef = 432AD1861423E3B5003CEBDB /* Foundation.framework */; };
		432AD1891423E3B5003CEBDB /* CoreGraphics.framework in Frameworks */ = {isa = PBXBuildFile; fileRef = 432AD1881423E3B5003CEBDB /* CoreGraphics.framework */; };
		432AD18F1423E3B5003CEBDB /* InfoPlist.strings in Resources */ = {isa = PBXBuildFile; fileRef = 432AD18D1423E3B5003CEBDB /* InfoPlist.strings */; };
		432AD1911423E3B5003CEBDB /* main.m in Sources */ = {isa = PBXBuildFile; fileRef = 432AD1901423E3B5003CEBDB /* main.m */; };
		432AD1951423E3B5003CEBDB /* HackathonAppDelegate.m in Sources */ = {isa = PBXBuildFile; fileRef = 432AD1941423E3B5003CEBDB /* HackathonAppDelegate.m */; };
		432AD1981423E3B5003CEBDB /* MainWindow.xib in Resources */ = {isa = PBXBuildFile; fileRef = 432AD1961423E3B5003CEBDB /* MainWindow.xib */; };
		432AD19B1423E3B5003CEBDB /* RootViewController.m in Sources */ = {isa = PBXBuildFile; fileRef = 432AD19A1423E3B5003CEBDB /* RootViewController.m */; };
		432AD19E1423E3B5003CEBDB /* RootViewController.xib in Resources */ = {isa = PBXBuildFile; fileRef = 432AD19C1423E3B5003CEBDB /* RootViewController.xib */; };
/* End PBXBuildFile section */

/* Begin PBXFileReference section */
		432AD1801423E3B5003CEBDB /* Hackathon.app */ = {isa = PBXFileReference; explicitFileType = wrapper.application; includeInIndex = 0; path = Hackathon.app; sourceTree = BUILT_PRODUCTS_DIR; };
		432AD1841423E3B5003CEBDB /* UIKit.framework */ = {isa = PBXFileReference; lastKnownFileType = wrapper.framework; name = UIKit.framework; path = System/Library/Frameworks/UIKit.framework; sourceTree = SDKROOT; };
		432AD1861423E3B5003CEBDB /* Foundation.framework */ = {isa = PBXFileReference; lastKnownFileType = wrapper.framework; name = Foundation.framework; path = System/Library/Frameworks/Foundation.framework; sourceTree = SDKROOT; };
		432AD1881423E3B5003CEBDB /* CoreGraphics.framework */ = {isa = PBXFileReference; lastKnownFileType = wrapper.framework; name = CoreGraphics.framework; path = System/Library/Frameworks/CoreGraphics.framework; sourceTree = SDKROOT; };
		432AD18C1423E3B5003CEBDB /* Hackathon-Info.plist */ = {isa = PBXFileReference; lastKnownFileType = text.plist.xml; path = "Hackathon-Info.plist"; sourceTree = "<group>"; };
		432AD18E1423E3B5003CEBDB /* en */ = {isa = PBXFileReference; lastKnownFileType = text.plist.strings; name = en; path = en.lproj/InfoPlist.strings; sourceTree = "<group>"; };
		432AD1901423E3B5003CEBDB /* main.m */ = {isa = PBXFileReference; lastKnownFileType = sourcecode.c.objc; path = main.m; sourceTree = "<group>"; };
		432AD1921423E3B5003CEBDB /* Hackathon-Prefix.pch */ = {isa = PBXFileReference; lastKnownFileType = sourcecode.c.h; path = "Hackathon-Prefix.pch"; sourceTree = "<group>"; };
		432AD1931423E3B5003CEBDB /* HackathonAppDelegate.h */ = {isa = PBXFileReference; lastKnownFileType = sourcecode.c.h; path = HackathonAppDelegate.h; sourceTree = "<group>"; };
		432AD1941423E3B5003CEBDB /* HackathonAppDelegate.m */ = {isa = PBXFileReference; lastKnownFileType = sourcecode.c.objc; path = HackathonAppDelegate.m; sourceTree = "<group>"; };
		432AD1971423E3B5003CEBDB /* en */ = {isa = PBXFileReference; lastKnownFileType = file.xib; name = en; path = en.lproj/MainWindow.xib; sourceTree = "<group>"; };
		432AD1991423E3B5003CEBDB /* RootViewController.h */ = {isa = PBXFileReference; lastKnownFileType = sourcecode.c.h; path = RootViewController.h; sourceTree = "<group>"; };
		432AD19A1423E3B5003CEBDB /* RootViewController.m */ = {isa = PBXFileReference; lastKnownFileType = sourcecode.c.objc; path = RootViewController.m; sourceTree = "<group>"; };
		432AD19D1423E3B5003CEBDB /* en */ = {isa = PBXFileReference; lastKnownFileType = file.xib; name = en; path = en.lproj/RootViewController.xib; sourceTree = "<group>"; };
/* End PBXFileReference section */

/* Begin PBXFrameworksBuildPhase section */
		432AD17D1423E3B5003CEBDB /* Frameworks */ = {
			isa = PBXFrameworksBuildPhase;
			buildActionMask = 2147483647;
			files = (
				432AD1851423E3B5003CEBDB /* UIKit.framework in Frameworks */,
				432AD1871423E3B5003CEBDB /* Foundation.framework in Frameworks */,
				432AD1891423E3B5003CEBDB /* CoreGraphics.framework in Frameworks */,
			);
			runOnlyForDeploymentPostprocessing = 0;
		};
/* End PBXFrameworksBuildPhase section */

/* Begin PBXGroup section */
		432AD1751423E3B4003CEBDB = {
			isa = PBXGroup;
			children = (
				432AD18A1423E3B5003CEBDB /* Hackathon */,
				432AD1831423E3B5003CEBDB /* Frameworks */,
				432AD1811423E3B5003CEBDB /* Products */,
			);
			sourceTree = "<group>";
		};
		432AD1811423E3B5003CEBDB /* Products */ = {
			isa = PBXGroup;
			children = (
				432AD1801423E3B5003CEBDB /* Hackathon.app */,
			);
			name = Products;
			sourceTree = "<group>";
		};
		432AD1831423E3B5003CEBDB /* Frameworks */ = {
			isa = PBXGroup;
			children = (
				432AD1841423E3B5003CEBDB /* UIKit.framework */,
				432AD1861423E3B5003CEBDB /* Foundation.framework */,
				432AD1881423E3B5003CEBDB /* CoreGraphics.framework */,
			);
			name = Frameworks;
			sourceTree = "<group>";
		};
		432AD18A1423E3B5003CEBDB /* Hackathon */ = {
			isa = PBXGroup;
			children = (
				432AD1931423E3B5003CEBDB /* HackathonAppDelegate.h */,
				432AD1941423E3B5003CEBDB /* HackathonAppDelegate.m */,
				432AD1961423E3B5003CEBDB /* MainWindow.xib */,
				432AD1991423E3B5003CEBDB /* RootViewController.h */,
				432AD19A1423E3B5003CEBDB /* RootViewController.m */,
				432AD19C1423E3B5003CEBDB /* RootViewController.xib */,
				432AD18B1423E3B5003CEBDB /* Supporting Files */,
			);
			path = Hackathon;
			sourceTree = "<group>";
		};
		432AD18B1423E3B5003CEBDB /* Supporting Files */ = {
			isa = PBXGroup;
			children = (
				432AD18C1423E3B5003CEBDB /* Hackathon-Info.plist */,
				432AD18D1423E3B5003CEBDB /* InfoPlist.strings */,
				432AD1901423E3B5003CEBDB /* main.m */,
				432AD1921423E3B5003CEBDB /* Hackathon-Prefix.pch */,
			);
			name = "Supporting Files";
			sourceTree = "<group>";
		};
/* End PBXGroup section */

/* Begin PBXNativeTarget section */
		432AD17F1423E3B5003CEBDB /* Hackathon */ = {
			isa = PBXNativeTarget;
			buildConfigurationList = 432AD1A11423E3B5003CEBDB /* Build configuration list for PBXNativeTarget "Hackathon" */;
			buildPhases = (
				432AD17C1423E3B5003CEBDB /* Sources */,
				432AD17D1423E3B5003CEBDB /* Frameworks */,
				432AD17E1423E3B5003CEBDB /* Resources */,
			);
			buildRules = (
			);
			dependencies = (
			);
			name = Hackathon;
			productName = Hackathon;
			productReference = 432AD1801423E3B5003CEBDB /* Hackathon.app */;
			productType = "com.apple.product-type.application";
		};
/* End PBXNativeTarget section */

/* Begin PBXProject section */
		432AD1771423E3B4003CEBDB /* Project object */ = {
			isa = PBXProject;
			attributes = {
				ORGANIZATIONNAME = n/a;
			};
			buildConfigurationList = 432AD17A1423E3B4003CEBDB /* Build configuration list for PBXProject "Hackathon" */;
			compatibilityVersion = "Xcode 3.2";
			developmentRegion = English;
			hasScannedForEncodings = 0;
			knownRegions = (
				en,
			);
			mainGroup = 432AD1751423E3B4003CEBDB;
			productRefGroup = 432AD1811423E3B5003CEBDB /* Products */;
			projectDirPath = "";
			projectRoot = "";
			targets = (
				432AD17F1423E3B5003CEBDB /* Hackathon */,
			);
		};
/* End PBXProject section */

/* Begin PBXResourcesBuildPhase section */
		432AD17E1423E3B5003CEBDB /* Resources */ = {
			isa = PBXResourcesBuildPhase;
			buildActionMask = 2147483647;
			files = (
				432AD18F1423E3B5003CEBDB /* InfoPlist.strings in Resources */,
				432AD1981423E3B5003CEBDB /* MainWindow.xib in Resources */,
				432AD19E1423E3B5003CEBDB /* RootViewController.xib in Resources */,
			);
			runOnlyForDeploymentPostprocessing = 0;
		};
/* End PBXResourcesBuildPhase section */

/* Begin PBXSourcesBuildPhase section */
		432AD17C1423E3B5003CEBDB /* Sources */ = {
			isa = PBXSourcesBuildPhase;
			buildActionMask = 2147483647;
			files = (
				432AD1911423E3B5003CEBDB /* main.m in Sources */,
				432AD1951423E3B5003CEBDB /* HackathonAppDelegate.m in Sources */,
				432AD19B1423E3B5003CEBDB /* RootViewController.m in Sources */,
			);
			runOnlyForDeploymentPostprocessing = 0;
		};
/* End PBXSourcesBuildPhase section */

/* Begin PBXVariantGroup section */
		432AD18D1423E3B5003CEBDB /* InfoPlist.strings */ = {
			isa = PBXVariantGroup;
			children = (
				432AD18E1423E3B5003CEBDB /* en */,
			);
			name = InfoPlist.strings;
			sourceTree = "<group>";
		};
		432AD1961423E3B5003CEBDB /* MainWindow.xib */ = {
			isa = PBXVariantGroup;
			children = (
				432AD1971423E3B5003CEBDB /* en */,
			);
			name = MainWindow.xib;
			sourceTree = "<group>";
		};
		432AD19C1423E3B5003CEBDB /* RootViewController.xib */ = {
			isa = PBXVariantGroup;
			children = (
				432AD19D1423E3B5003CEBDB /* en */,
			);
			name = RootViewController.xib;
			sourceTree = "<group>";
		};
/* End PBXVariantGroup section */

/* Begin XCBuildConfiguration section */
		432AD19F1423E3B5003CEBDB /* Debug */ = {
			isa = XCBuildConfiguration;
			buildSettings = {
				ALWAYS_SEARCH_USER_PATHS = NO;
				ARCHS = "$(ARCHS_STANDARD_32_BIT)";
				"CODE_SIGN_IDENTITY[sdk=iphoneos*]" = "iPhone Developer";
				COPY_PHASE_STRIP = NO;
				GCC_C_LANGUAGE_STANDARD = gnu99;
				GCC_DYNAMIC_NO_PIC = NO;
				GCC_OPTIMIZATION_LEVEL = 0;
				GCC_PREPROCESSOR_DEFINITIONS = (
					"DEBUG=1",
					"$(inherited)",
				);
				GCC_SYMBOLS_PRIVATE_EXTERN = NO;
				GCC_VERSION = com.apple.compilers.llvmgcc42;
				GCC_WARN_ABOUT_MISSING_PROTOTYPES = YES;
				GCC_WARN_ABOUT_RETURN_TYPE = YES;
				GCC_WARN_UNUSED_VARIABLE = YES;
				IPHONEOS_DEPLOYMENT_TARGET = 4.3;
				SDKROOT = iphoneos;
			};
			name = Debug;
		};
		432AD1A01423E3B5003CEBDB /* Release */ = {
			isa = XCBuildConfiguration;
			buildSettings = {
				ALWAYS_SEARCH_USER_PATHS = NO;
				ARCHS = "$(ARCHS_STANDARD_32_BIT)";
				"CODE_SIGN_IDENTITY[sdk=iphoneos*]" = "iPhone Developer";
				COPY_PHASE_STRIP = YES;
				GCC_C_LANGUAGE_STANDARD = gnu99;
				GCC_VERSION = com.apple.compilers.llvmgcc42;
				GCC_WARN_ABOUT_MISSING_PROTOTYPES = YES;
				GCC_WARN_ABOUT_RETURN_TYPE = YES;
				GCC_WARN_UNUSED_VARIABLE = YES;
				IPHONEOS_DEPLOYMENT_TARGET = 4.3;
				OTHER_CFLAGS = "-DNS_BLOCK_ASSERTIONS=1";
				SDKROOT = iphoneos;
				VALIDATE_PRODUCT = YES;
			};
			name = Release;
		};
		432AD1A21423E3B5003CEBDB /* Debug */ = {
			isa = XCBuildConfiguration;
			buildSettings = {
				GCC_PRECOMPILE_PREFIX_HEADER = YES;
				GCC_PREFIX_HEADER = "Hackathon/Hackathon-Prefix.pch";
				INFOPLIST_FILE = "Hackathon/Hackathon-Info.plist";
				PRODUCT_NAME = "$(TARGET_NAME)";
				WRAPPER_EXTENSION = app;
			};
			name = Debug;
		};
		432AD1A31423E3B5003CEBDB /* Release */ = {
			isa = XCBuildConfiguration;
			buildSettings = {
				GCC_PRECOMPILE_PREFIX_HEADER = YES;
				GCC_PREFIX_HEADER = "Hackathon/Hackathon-Prefix.pch";
				INFOPLIST_FILE = "Hackathon/Hackathon-Info.plist";
				PRODUCT_NAME = "$(TARGET_NAME)";
				WRAPPER_EXTENSION = app;
			};
			name = Release;
		};
/* End XCBuildConfiguration section */

/* Begin XCConfigurationList section */
		432AD17A1423E3B4003CEBDB /* Build configuration list for PBXProject "Hackathon" */ = {
			isa = XCConfigurationList;
			buildConfigurations = (
				432AD19F1423E3B5003CEBDB /* Debug */,
				432AD1A01423E3B5003CEBDB /* Release */,
			);
			defaultConfigurationIsVisible = 0;
			defaultConfigurationName = Release;
		};
		432AD1A11423E3B5003CEBDB /* Build configuration list for PBXNativeTarget "Hackathon" */ = {
			isa = XCConfigurationList;
			buildConfigurations = (
				432AD1A21423E3B5003CEBDB /* Debug */,
				432AD1A31423E3B5003CEBDB /* Release */,
			);
			defaultConfigurationIsVisible = 0;
		};
/* End XCConfigurationList section */
	};
	rootObject = 432AD1771423E3B4003CEBDB /* Project object */;
}
